Microsoft Visual Studio Solution File, Format Version 11.00
# Visual Studio 2008

Project("{CF560F4E-7111-761D-8EA2-D91691F16F59}") = "YijiaheProject", "Assembly-CSharp.csproj", "{0666FF06-9EF6-6089-E892-BB987CF600B4}"
EndProject
Global
	GlobalSection(SolutionConfigurationPlatforms) = preSolution
		Debug|Any CPU = Debug|Any CPU
		Release|Any CPU = Release|Any CPU
	EndGlobalSection
	GlobalSection(ProjectConfigurationPlatforms) = postSolution
		{0666FF06-9EF6-6089-E892-BB987CF600B4}.Debug|Any CPU.ActiveCfg = Debug|Any CPU
		{0666FF06-9EF6-6089-E892-BB987CF600B4}.Debug|Any CPU.Build.0 = Debug|Any CPU
		{0666FF06-9EF6-6089-E892-BB987CF600B4}.Release|Any CPU.ActiveCfg = Release|Any CPU
		{0666FF06-9EF6-6089-E892-BB987CF600B4}.Release|Any CPU.Build.0 = Release|Any CPU
	EndGlobalSection
	GlobalSection(SolutionProperties) = preSolution
		HideSolutionNode = FALSE
	EndGlobalSection
	GlobalSection(MonoDevelopProperties) = preSolution
		StartupItem = Assembly-CSharp.csproj
	EndGlobalSection
EndGlobal
